
Microsoft Visual Studio Solution File, Format Version 12.00
# Visual Studio Version 16
VisualStudioVersion = 16.0.29519.87
MinimumVisualStudioVersion = 10.0.40219.1
Project("{FAE04EC0-301F-11D3-BF4B-00C04F79EFBC}") = "eliteKitVersionCheck.Android", "eliteKitVersionCheck.Android\eliteKitVersionCheck.Android.csproj", "{A1A05200-921B-4C01-B562-0F74B8B48ACA}"
EndProject
Project("{FAE04EC0-301F-11D3-BF4B-00C04F79EFBC}") = "eliteKitVersionCheck.iOS", "eliteKitVersionCheck.iOS\eliteKitVersionCheck.iOS.csproj", "{36B5E644-CCFF-4CAC-8127-052B39C095C8}"
EndProject
Project("{FAE04EC0-301F-11D3-BF4B-00C04F79EFBC}") = "eliteKitVersionCheck", "eliteKitVersionCheck\eliteKitVersionCheck.csproj", "{158DB22F-E831-46A4-8FB6-EE83A4AD7CD4}"
EndProject
Global
	GlobalSection(SolutionConfigurationPlatforms) = preSolution
		Debug|Any CPU = Debug|Any CPU
		Debug|iPhone = Debug|iPhone
		Debug|iPhoneSimulator = Debug|iPhoneSimulator
		Release|Any CPU = Release|Any CPU
		Release|iPhone = Release|iPhone
		Release|iPhoneSimulator = Release|iPhoneSimulator
	EndGlobalSection
	GlobalSection(ProjectConfigurationPlatforms) = postSolution
		{A1A05200-921B-4C01-B562-0F74B8B48ACA}.Debug|Any CPU.ActiveCfg = Debug|Any CPU
		{A1A05200-921B-4C01-B562-0F74B8B48ACA}.Debug|Any CPU.Build.0 = Debug|Any CPU
		{A1A05200-921B-4C01-B562-0F74B8B48ACA}.Debug|Any CPU.Deploy.0 = Debug|Any CPU
		{A1A05200-921B-4C01-B562-0F74B8B48ACA}.Debug|iPhone.ActiveCfg = Debug|Any CPU
		{A1A05200-921B-4C01-B562-0F74B8B48ACA}.Debug|iPhone.Build.0 = Debug|Any CPU
		{A1A05200-921B-4C01-B562-0F74B8B48ACA}.Debug|iPhone.Deploy.0 = Debug|Any CPU
		{A1A05200-921B-4C01-B562-0F74B8B48ACA}.Debug|iPhoneSimulator.ActiveCfg = Debug|Any CPU
		{A1A05200-921B-4C01-B562-0F74B8B48ACA}.Debug|iPhoneSimulator.Build.0 = Debug|Any CPU
		{A1A05200-921B-4C01-B562-0F74B8B48ACA}.Debug|iPhoneSimulator.Deploy.0 = Debug|Any CPU
		{A1A05200-921B-4C01-B562-0F74B8B48ACA}.Release|Any CPU.ActiveCfg = Release|Any CPU
		{A1A05200-921B-4C01-B562-0F74B8B48ACA}.Release|Any CPU.Build.0 = Release|Any CPU
		{A1A05200-921B-4C01-B562-0F74B8B48ACA}.Release|Any CPU.Deploy.0 = Release|Any CPU
		{A1A05200-921B-4C01-B562-0F74B8B48ACA}.Release|iPhone.ActiveCfg = Release|Any CPU
		{A1A05200-921B-4C01-B562-0F74B8B48ACA}.Release|iPhone.Build.0 = Release|Any CPU
		{A1A05200-921B-4C01-B562-0F74B8B48ACA}.Release|iPhone.Deploy.0 = Release|Any CPU
		{A1A05200-921B-4C01-B562-0F74B8B48ACA}.Release|iPhoneSimulator.ActiveCfg = Release|Any CPU
		{A1A05200-921B-4C01-B562-0F74B8B48ACA}.Release|iPhoneSimulator.Build.0 = Release|Any CPU
		{A1A05200-921B-4C01-B562-0F74B8B48ACA}.Release|iPhoneSimulator.Deploy.0 = Release|Any CPU
		{36B5E644-CCFF-4CAC-8127-052B39C095C8}.Debug|Any CPU.ActiveCfg = Debug|iPhoneSimulator
		{36B5E644-CCFF-4CAC-8127-052B39C095C8}.Debug|Any CPU.Build.0 = Debug|iPhoneSimulator
		{36B5E644-CCFF-4CAC-8127-052B39C095C8}.Debug|Any CPU.Deploy.0 = Debug|iPhoneSimulator
		{36B5E644-CCFF-4CAC-8127-052B39C095C8}.Debug|iPhone.ActiveCfg = Debug|iPhone
		{36B5E644-CCFF-4CAC-8127-052B39C095C8}.Debug|iPhone.Build.0 = Debug|iPhone
		{36B5E644-CCFF-4CAC-8127-052B39C095C8}.Debug|iPhone.Deploy.0 = Debug|iPhone
		{36B5E644-CCFF-4CAC-8127-052B39C095C8}.Debug|iPhoneSimulator.ActiveCfg = Debug|iPhoneSimulator
		{36B5E644-CCFF-4CAC-8127-052B39C095C8}.Debug|iPhoneSimulator.Build.0 = Debug|iPhoneSimulator
		{36B5E644-CCFF-4CAC-8127-052B39C095C8}.Debug|iPhoneSimulator.Deploy.0 = Debug|iPhoneSimulator
		{36B5E644-CCFF-4CAC-8127-052B39C095C8}.Release|Any CPU.ActiveCfg = Release|iPhone
		{36B5E644-CCFF-4CAC-8127-052B39C095C8}.Release|Any CPU.Build.0 = Release|iPhone
		{36B5E644-CCFF-4CAC-8127-052B39C095C8}.Release|Any CPU.Deploy.0 = Release|iPhone
		{36B5E644-CCFF-4CAC-8127-052B39C095C8}.Release|iPhone.ActiveCfg = Release|iPhone
		{36B5E644-CCFF-4CAC-8127-052B39C095C8}.Release|iPhone.Build.0 = Release|iPhone
		{36B5E644-CCFF-4CAC-8127-052B39C095C8}.Release|iPhone.Deploy.0 = Release|iPhone
		{36B5E644-CCFF-4CAC-8127-052B39C095C8}.Release|iPhoneSimulator.ActiveCfg = Release|iPhoneSimulator
		{36B5E644-CCFF-4CAC-8127-052B39C095C8}.Release|iPhoneSimulator.Build.0 = Release|iPhoneSimulator
		{36B5E644-CCFF-4CAC-8127-052B39C095C8}.Release|iPhoneSimulator.Deploy.0 = Release|iPhoneSimulator
		{158DB22F-E831-46A4-8FB6-EE83A4AD7CD4}.Debug|Any CPU.ActiveCfg = Debug|Any CPU
		{158DB22F-E831-46A4-8FB6-EE83A4AD7CD4}.Debug|Any CPU.Build.0 = Debug|Any CPU
		{158DB22F-E831-46A4-8FB6-EE83A4AD7CD4}.Debug|Any CPU.Deploy.0 = Debug|Any CPU
		{158DB22F-E831-46A4-8FB6-EE83A4AD7CD4}.Debug|iPhone.ActiveCfg = Debug|Any CPU
		{158DB22F-E831-46A4-8FB6-EE83A4AD7CD4}.Debug|iPhone.Build.0 = Debug|Any CPU
		{158DB22F-E831-46A4-8FB6-EE83A4AD7CD4}.Debug|iPhone.Deploy.0 = Debug|Any CPU
		{158DB22F-E831-46A4-8FB6-EE83A4AD7CD4}.Debug|iPhoneSimulator.ActiveCfg = Debug|Any CPU
		{158DB22F-E831-46A4-8FB6-EE83A4AD7CD4}.Debug|iPhoneSimulator.Build.0 = Debug|Any CPU
		{158DB22F-E831-46A4-8FB6-EE83A4AD7CD4}.Debug|iPhoneSimulator.Deploy.0 = Debug|Any CPU
		{158DB22F-E831-46A4-8FB6-EE83A4AD7CD4}.Release|Any CPU.ActiveCfg = Release|Any CPU
		{158DB22F-E831-46A4-8FB6-EE83A4AD7CD4}.Release|Any CPU.Build.0 = Release|Any CPU
		{158DB22F-E831-46A4-8FB6-EE83A4AD7CD4}.Release|Any CPU.Deploy.0 = Release|Any CPU
		{158DB22F-E831-46A4-8FB6-EE83A4AD7CD4}.Release|iPhone.ActiveCfg = Release|Any CPU
		{158DB22F-E831-46A4-8FB6-EE83A4AD7CD4}.Release|iPhone.Build.0 = Release|Any CPU
		{158DB22F-E831-46A4-8FB6-EE83A4AD7CD4}.Release|iPhone.Deploy.0 = Release|Any CPU
		{158DB22F-E831-46A4-8FB6-EE83A4AD7CD4}.Release|iPhoneSimulator.ActiveCfg = Release|Any CPU
		{158DB22F-E831-46A4-8FB6-EE83A4AD7CD4}.Release|iPhoneSimulator.Build.0 = Release|Any CPU
		{158DB22F-E831-46A4-8FB6-EE83A4AD7CD4}.Release|iPhoneSimulator.Deploy.0 = Release|Any CPU
	EndGlobalSection
	GlobalSection(SolutionProperties) = preSolution
		HideSolutionNode = FALSE
	EndGlobalSection
	GlobalSection(ExtensibilityGlobals) = postSolution
		SolutionGuid = {1F4BB7C5-D9D0-4875-B884-E53AB05B9DA1}
	EndGlobalSection
EndGlobal
