Microsoft Visual Studio Solution File, Format Version 12.00
# Visual Studio Version 16
VisualStudioVersion = 16.0.29215.179
MinimumVisualStudioVersion = 10.0.40219.1
Project("{FAE04EC0-301F-11D3-BF4B-00C04F79EFBC}") = "eliteKit.Android", "eliteKit.Android\eliteKit.Android.csproj", "{D947EB08-EE5C-422F-8CEA-C7FDCC14F5F3}"
EndProject
Project("{FAE04EC0-301F-11D3-BF4B-00C04F79EFBC}") = "eliteKit.iOS", "eliteKit.iOS\eliteKit.iOS.csproj", "{812BECF3-AF84-4C6D-95BC-2E042EFA4AE2}"
EndProject
Project("{9A19103F-16F7-4668-BE54-9A1E7A4F7556}") = "eliteKitDevelopment", "eliteKit\eliteKitDevelopment.csproj", "{BAF7F5CA-2F4B-49D5-A5B3-FD5CCE6A61BC}"
EndProject
Project("{FAE04EC0-301F-11D3-BF4B-00C04F79EFBC}") = "eliteKit.iOSCore", "eliteKit.iOSCore\eliteKit.iOSCore.csproj", "{C866DC20-117E-4523-850D-899478C904DD}"
EndProject
Project("{FAE04EC0-301F-11D3-BF4B-00C04F79EFBC}") = "eliteKit.AndroidCore", "eliteKit.AndroidCore\eliteKit.AndroidCore.csproj", "{D908F3AE-6038-4485-BB72-CE7F83B2143B}"
EndProject
Project("{2150E333-8FDC-42A3-9474-1A3956D46DE8}") = "Src_Test", "Src_Test", "{23AA4D83-1394-4E12-811D-3B3D7F85B69F}"
EndProject
Project("{9A19103F-16F7-4668-BE54-9A1E7A4F7556}") = "eliteKit", "eliteKit_Src\eliteKit.csproj", "{F90CE7A7-431A-4A63-90A5-9CC09994D998}"
EndProject
Project("{2150E333-8FDC-42A3-9474-1A3956D46DE8}") = "Src", "Src", "{8BEBC426-5B4A-4048-ABCA-0BB73ACE0C8B}"
EndProject
Project("{2150E333-8FDC-42A3-9474-1A3956D46DE8}") = "NuGet_Test", "NuGet_Test", "{5FE21C18-0767-403E-BED9-43F26EDD4490}"
EndProject
Project("{9A19103F-16F7-4668-BE54-9A1E7A4F7556}") = "eliteKitVersionCheck", "NuGet_TestProject\eliteKitVersionCheck\eliteKitVersionCheck.csproj", "{B68AD6C0-24EE-475D-BCD1-70206985CA26}"
EndProject
Project("{FAE04EC0-301F-11D3-BF4B-00C04F79EFBC}") = "eliteKitVersionCheck.Android", "NuGet_TestProject\eliteKitVersionCheck.Android\eliteKitVersionCheck.Android.csproj", "{A1A05200-921B-4C01-B562-0F74B8B48ACA}"
EndProject
Project("{FAE04EC0-301F-11D3-BF4B-00C04F79EFBC}") = "eliteKitVersionCheck.iOS", "NuGet_TestProject\eliteKitVersionCheck.iOS\eliteKitVersionCheck.iOS.csproj", "{36B5E644-CCFF-4CAC-8127-052B39C095C8}"
EndProject
Global
	GlobalSection(SolutionConfigurationPlatforms) = preSolution
		Debug|Any CPU = Debug|Any CPU
		Debug|iPhone = Debug|iPhone
		Debug|iPhoneSimulator = Debug|iPhoneSimulator
		Release|Any CPU = Release|Any CPU
		Release|iPhone = Release|iPhone
		Release|iPhoneSimulator = Release|iPhoneSimulator
	EndGlobalSection
	GlobalSection(ProjectConfigurationPlatforms) = postSolution
		{D947EB08-EE5C-422F-8CEA-C7FDCC14F5F3}.Debug|Any CPU.ActiveCfg = Debug|Any CPU
		{D947EB08-EE5C-422F-8CEA-C7FDCC14F5F3}.Debug|Any CPU.Build.0 = Debug|Any CPU
		{D947EB08-EE5C-422F-8CEA-C7FDCC14F5F3}.Debug|Any CPU.Deploy.0 = Debug|Any CPU
		{D947EB08-EE5C-422F-8CEA-C7FDCC14F5F3}.Debug|iPhone.ActiveCfg = Debug|Any CPU
		{D947EB08-EE5C-422F-8CEA-C7FDCC14F5F3}.Debug|iPhone.Build.0 = Debug|Any CPU
		{D947EB08-EE5C-422F-8CEA-C7FDCC14F5F3}.Debug|iPhone.Deploy.0 = Debug|Any CPU
		{D947EB08-EE5C-422F-8CEA-C7FDCC14F5F3}.Debug|iPhoneSimulator.ActiveCfg = Debug|Any CPU
		{D947EB08-EE5C-422F-8CEA-C7FDCC14F5F3}.Debug|iPhoneSimulator.Build.0 = Debug|Any CPU
		{D947EB08-EE5C-422F-8CEA-C7FDCC14F5F3}.Debug|iPhoneSimulator.Deploy.0 = Debug|Any CPU
		{D947EB08-EE5C-422F-8CEA-C7FDCC14F5F3}.Release|Any CPU.ActiveCfg = Release|Any CPU
		{D947EB08-EE5C-422F-8CEA-C7FDCC14F5F3}.Release|Any CPU.Build.0 = Release|Any CPU
		{D947EB08-EE5C-422F-8CEA-C7FDCC14F5F3}.Release|Any CPU.Deploy.0 = Release|Any CPU
		{D947EB08-EE5C-422F-8CEA-C7FDCC14F5F3}.Release|iPhone.ActiveCfg = Release|Any CPU
		{D947EB08-EE5C-422F-8CEA-C7FDCC14F5F3}.Release|iPhone.Build.0 = Release|Any CPU
		{D947EB08-EE5C-422F-8CEA-C7FDCC14F5F3}.Release|iPhone.Deploy.0 = Release|Any CPU
		{D947EB08-EE5C-422F-8CEA-C7FDCC14F5F3}.Release|iPhoneSimulator.ActiveCfg = Release|Any CPU
		{D947EB08-EE5C-422F-8CEA-C7FDCC14F5F3}.Release|iPhoneSimulator.Build.0 = Release|Any CPU
		{D947EB08-EE5C-422F-8CEA-C7FDCC14F5F3}.Release|iPhoneSimulator.Deploy.0 = Release|Any CPU
		{812BECF3-AF84-4C6D-95BC-2E042EFA4AE2}.Debug|Any CPU.ActiveCfg = Debug|iPhone
		{812BECF3-AF84-4C6D-95BC-2E042EFA4AE2}.Debug|iPhone.ActiveCfg = Debug|iPhone
		{812BECF3-AF84-4C6D-95BC-2E042EFA4AE2}.Debug|iPhone.Build.0 = Debug|iPhone
		{812BECF3-AF84-4C6D-95BC-2E042EFA4AE2}.Debug|iPhoneSimulator.ActiveCfg = Debug|iPhoneSimulator
		{812BECF3-AF84-4C6D-95BC-2E042EFA4AE2}.Debug|iPhoneSimulator.Build.0 = Debug|iPhoneSimulator
		{812BECF3-AF84-4C6D-95BC-2E042EFA4AE2}.Release|Any CPU.ActiveCfg = Release|iPhone
		{812BECF3-AF84-4C6D-95BC-2E042EFA4AE2}.Release|iPhone.ActiveCfg = Release|iPhone
		{812BECF3-AF84-4C6D-95BC-2E042EFA4AE2}.Release|iPhone.Build.0 = Release|iPhone
		{812BECF3-AF84-4C6D-95BC-2E042EFA4AE2}.Release|iPhoneSimulator.ActiveCfg = Release|iPhoneSimulator
		{812BECF3-AF84-4C6D-95BC-2E042EFA4AE2}.Release|iPhoneSimulator.Build.0 = Release|iPhoneSimulator
		{BAF7F5CA-2F4B-49D5-A5B3-FD5CCE6A61BC}.Debug|Any CPU.ActiveCfg = Debug|Any CPU
		{BAF7F5CA-2F4B-49D5-A5B3-FD5CCE6A61BC}.Debug|Any CPU.Build.0 = Debug|Any CPU
		{BAF7F5CA-2F4B-49D5-A5B3-FD5CCE6A61BC}.Debug|iPhone.ActiveCfg = Debug|Any CPU
		{BAF7F5CA-2F4B-49D5-A5B3-FD5CCE6A61BC}.Debug|iPhone.Build.0 = Debug|Any CPU
		{BAF7F5CA-2F4B-49D5-A5B3-FD5CCE6A61BC}.Debug|iPhoneSimulator.ActiveCfg = Debug|Any CPU
		{BAF7F5CA-2F4B-49D5-A5B3-FD5CCE6A61BC}.Debug|iPhoneSimulator.Build.0 = Debug|Any CPU
		{BAF7F5CA-2F4B-49D5-A5B3-FD5CCE6A61BC}.Release|Any CPU.ActiveCfg = Release|Any CPU
		{BAF7F5CA-2F4B-49D5-A5B3-FD5CCE6A61BC}.Release|Any CPU.Build.0 = Release|Any CPU
		{BAF7F5CA-2F4B-49D5-A5B3-FD5CCE6A61BC}.Release|iPhone.ActiveCfg = Release|Any CPU
		{BAF7F5CA-2F4B-49D5-A5B3-FD5CCE6A61BC}.Release|iPhone.Build.0 = Release|Any CPU
		{BAF7F5CA-2F4B-49D5-A5B3-FD5CCE6A61BC}.Release|iPhoneSimulator.ActiveCfg = Release|Any CPU
		{BAF7F5CA-2F4B-49D5-A5B3-FD5CCE6A61BC}.Release|iPhoneSimulator.Build.0 = Release|Any CPU
		{C866DC20-117E-4523-850D-899478C904DD}.Debug|Any CPU.ActiveCfg = Debug|Any CPU
		{C866DC20-117E-4523-850D-899478C904DD}.Debug|Any CPU.Build.0 = Debug|Any CPU
		{C866DC20-117E-4523-850D-899478C904DD}.Debug|iPhone.ActiveCfg = Debug|Any CPU
		{C866DC20-117E-4523-850D-899478C904DD}.Debug|iPhone.Build.0 = Debug|Any CPU
		{C866DC20-117E-4523-850D-899478C904DD}.Debug|iPhoneSimulator.ActiveCfg = Debug|Any CPU
		{C866DC20-117E-4523-850D-899478C904DD}.Debug|iPhoneSimulator.Build.0 = Debug|Any CPU
		{C866DC20-117E-4523-850D-899478C904DD}.Release|Any CPU.ActiveCfg = Release|Any CPU
		{C866DC20-117E-4523-850D-899478C904DD}.Release|Any CPU.Build.0 = Release|Any CPU
		{C866DC20-117E-4523-850D-899478C904DD}.Release|iPhone.ActiveCfg = Release|Any CPU
		{C866DC20-117E-4523-850D-899478C904DD}.Release|iPhone.Build.0 = Release|Any CPU
		{C866DC20-117E-4523-850D-899478C904DD}.Release|iPhoneSimulator.ActiveCfg = Release|Any CPU
		{C866DC20-117E-4523-850D-899478C904DD}.Release|iPhoneSimulator.Build.0 = Release|Any CPU
		{D908F3AE-6038-4485-BB72-CE7F83B2143B}.Debug|Any CPU.ActiveCfg = Debug|Any CPU
		{D908F3AE-6038-4485-BB72-CE7F83B2143B}.Debug|Any CPU.Build.0 = Debug|Any CPU
		{D908F3AE-6038-4485-BB72-CE7F83B2143B}.Debug|iPhone.ActiveCfg = Debug|Any CPU
		{D908F3AE-6038-4485-BB72-CE7F83B2143B}.Debug|iPhone.Build.0 = Debug|Any CPU
		{D908F3AE-6038-4485-BB72-CE7F83B2143B}.Debug|iPhoneSimulator.ActiveCfg = Debug|Any CPU
		{D908F3AE-6038-4485-BB72-CE7F83B2143B}.Debug|iPhoneSimulator.Build.0 = Debug|Any CPU
		{D908F3AE-6038-4485-BB72-CE7F83B2143B}.Release|Any CPU.ActiveCfg = Release|Any CPU
		{D908F3AE-6038-4485-BB72-CE7F83B2143B}.Release|Any CPU.Build.0 = Release|Any CPU
		{D908F3AE-6038-4485-BB72-CE7F83B2143B}.Release|iPhone.ActiveCfg = Release|Any CPU
		{D908F3AE-6038-4485-BB72-CE7F83B2143B}.Release|iPhone.Build.0 = Release|Any CPU
		{D908F3AE-6038-4485-BB72-CE7F83B2143B}.Release|iPhoneSimulator.ActiveCfg = Release|Any CPU
		{D908F3AE-6038-4485-BB72-CE7F83B2143B}.Release|iPhoneSimulator.Build.0 = Release|Any CPU
		{F90CE7A7-431A-4A63-90A5-9CC09994D998}.Debug|Any CPU.ActiveCfg = Debug|Any CPU
		{F90CE7A7-431A-4A63-90A5-9CC09994D998}.Debug|Any CPU.Build.0 = Debug|Any CPU
		{F90CE7A7-431A-4A63-90A5-9CC09994D998}.Debug|iPhone.ActiveCfg = Debug|Any CPU
		{F90CE7A7-431A-4A63-90A5-9CC09994D998}.Debug|iPhone.Build.0 = Debug|Any CPU
		{F90CE7A7-431A-4A63-90A5-9CC09994D998}.Debug|iPhoneSimulator.ActiveCfg = Debug|Any CPU
		{F90CE7A7-431A-4A63-90A5-9CC09994D998}.Debug|iPhoneSimulator.Build.0 = Debug|Any CPU
		{F90CE7A7-431A-4A63-90A5-9CC09994D998}.Release|Any CPU.ActiveCfg = Release|Any CPU
		{F90CE7A7-431A-4A63-90A5-9CC09994D998}.Release|Any CPU.Build.0 = Release|Any CPU
		{F90CE7A7-431A-4A63-90A5-9CC09994D998}.Release|iPhone.ActiveCfg = Release|Any CPU
		{F90CE7A7-431A-4A63-90A5-9CC09994D998}.Release|iPhone.Build.0 = Release|Any CPU
		{F90CE7A7-431A-4A63-90A5-9CC09994D998}.Release|iPhoneSimulator.ActiveCfg = Release|Any CPU
		{F90CE7A7-431A-4A63-90A5-9CC09994D998}.Release|iPhoneSimulator.Build.0 = Release|Any CPU
		{B68AD6C0-24EE-475D-BCD1-70206985CA26}.Debug|Any CPU.ActiveCfg = Debug|Any CPU
		{B68AD6C0-24EE-475D-BCD1-70206985CA26}.Debug|Any CPU.Build.0 = Debug|Any CPU
		{B68AD6C0-24EE-475D-BCD1-70206985CA26}.Debug|iPhone.ActiveCfg = Debug|Any CPU
		{B68AD6C0-24EE-475D-BCD1-70206985CA26}.Debug|iPhone.Build.0 = Debug|Any CPU
		{B68AD6C0-24EE-475D-BCD1-70206985CA26}.Debug|iPhoneSimulator.ActiveCfg = Debug|Any CPU
		{B68AD6C0-24EE-475D-BCD1-70206985CA26}.Debug|iPhoneSimulator.Build.0 = Debug|Any CPU
		{B68AD6C0-24EE-475D-BCD1-70206985CA26}.Release|Any CPU.ActiveCfg = Release|Any CPU
		{B68AD6C0-24EE-475D-BCD1-70206985CA26}.Release|Any CPU.Build.0 = Release|Any CPU
		{B68AD6C0-24EE-475D-BCD1-70206985CA26}.Release|iPhone.ActiveCfg = Release|Any CPU
		{B68AD6C0-24EE-475D-BCD1-70206985CA26}.Release|iPhone.Build.0 = Release|Any CPU
		{B68AD6C0-24EE-475D-BCD1-70206985CA26}.Release|iPhoneSimulator.ActiveCfg = Release|Any CPU
		{B68AD6C0-24EE-475D-BCD1-70206985CA26}.Release|iPhoneSimulator.Build.0 = Release|Any CPU
		{A1A05200-921B-4C01-B562-0F74B8B48ACA}.Debug|Any CPU.ActiveCfg = Debug|Any CPU
		{A1A05200-921B-4C01-B562-0F74B8B48ACA}.Debug|Any CPU.Build.0 = Debug|Any CPU
		{A1A05200-921B-4C01-B562-0F74B8B48ACA}.Debug|Any CPU.Deploy.0 = Debug|Any CPU
		{A1A05200-921B-4C01-B562-0F74B8B48ACA}.Debug|iPhone.ActiveCfg = Debug|Any CPU
		{A1A05200-921B-4C01-B562-0F74B8B48ACA}.Debug|iPhone.Build.0 = Debug|Any CPU
		{A1A05200-921B-4C01-B562-0F74B8B48ACA}.Debug|iPhone.Deploy.0 = Debug|Any CPU
		{A1A05200-921B-4C01-B562-0F74B8B48ACA}.Debug|iPhoneSimulator.ActiveCfg = Debug|Any CPU
		{A1A05200-921B-4C01-B562-0F74B8B48ACA}.Debug|iPhoneSimulator.Build.0 = Debug|Any CPU
		{A1A05200-921B-4C01-B562-0F74B8B48ACA}.Debug|iPhoneSimulator.Deploy.0 = Debug|Any CPU
		{A1A05200-921B-4C01-B562-0F74B8B48ACA}.Release|Any CPU.ActiveCfg = Release|Any CPU
		{A1A05200-921B-4C01-B562-0F74B8B48ACA}.Release|Any CPU.Build.0 = Release|Any CPU
		{A1A05200-921B-4C01-B562-0F74B8B48ACA}.Release|Any CPU.Deploy.0 = Release|Any CPU
		{A1A05200-921B-4C01-B562-0F74B8B48ACA}.Release|iPhone.ActiveCfg = Release|Any CPU
		{A1A05200-921B-4C01-B562-0F74B8B48ACA}.Release|iPhone.Build.0 = Release|Any CPU
		{A1A05200-921B-4C01-B562-0F74B8B48ACA}.Release|iPhone.Deploy.0 = Release|Any CPU
		{A1A05200-921B-4C01-B562-0F74B8B48ACA}.Release|iPhoneSimulator.ActiveCfg = Release|Any CPU
		{A1A05200-921B-4C01-B562-0F74B8B48ACA}.Release|iPhoneSimulator.Build.0 = Release|Any CPU
		{A1A05200-921B-4C01-B562-0F74B8B48ACA}.Release|iPhoneSimulator.Deploy.0 = Release|Any CPU
		{36B5E644-CCFF-4CAC-8127-052B39C095C8}.Debug|Any CPU.ActiveCfg = Debug|iPhoneSimulator
		{36B5E644-CCFF-4CAC-8127-052B39C095C8}.Debug|iPhone.ActiveCfg = Debug|iPhone
		{36B5E644-CCFF-4CAC-8127-052B39C095C8}.Debug|iPhone.Build.0 = Debug|iPhone
		{36B5E644-CCFF-4CAC-8127-052B39C095C8}.Debug|iPhoneSimulator.ActiveCfg = Debug|iPhoneSimulator
		{36B5E644-CCFF-4CAC-8127-052B39C095C8}.Debug|iPhoneSimulator.Build.0 = Debug|iPhoneSimulator
		{36B5E644-CCFF-4CAC-8127-052B39C095C8}.Release|Any CPU.ActiveCfg = Release|iPhoneSimulator
		{36B5E644-CCFF-4CAC-8127-052B39C095C8}.Release|iPhone.ActiveCfg = Release|iPhone
		{36B5E644-CCFF-4CAC-8127-052B39C095C8}.Release|iPhone.Build.0 = Release|iPhone
		{36B5E644-CCFF-4CAC-8127-052B39C095C8}.Release|iPhoneSimulator.ActiveCfg = Release|iPhoneSimulator
		{36B5E644-CCFF-4CAC-8127-052B39C095C8}.Release|iPhoneSimulator.Build.0 = Release|iPhoneSimulator
	EndGlobalSection
	GlobalSection(SolutionProperties) = preSolution
		HideSolutionNode = FALSE
	EndGlobalSection
	GlobalSection(NestedProjects) = preSolution
		{D947EB08-EE5C-422F-8CEA-C7FDCC14F5F3} = {23AA4D83-1394-4E12-811D-3B3D7F85B69F}
		{812BECF3-AF84-4C6D-95BC-2E042EFA4AE2} = {23AA4D83-1394-4E12-811D-3B3D7F85B69F}
		{BAF7F5CA-2F4B-49D5-A5B3-FD5CCE6A61BC} = {23AA4D83-1394-4E12-811D-3B3D7F85B69F}
		{C866DC20-117E-4523-850D-899478C904DD} = {8BEBC426-5B4A-4048-ABCA-0BB73ACE0C8B}
		{D908F3AE-6038-4485-BB72-CE7F83B2143B} = {8BEBC426-5B4A-4048-ABCA-0BB73ACE0C8B}
		{F90CE7A7-431A-4A63-90A5-9CC09994D998} = {8BEBC426-5B4A-4048-ABCA-0BB73ACE0C8B}
		{B68AD6C0-24EE-475D-BCD1-70206985CA26} = {5FE21C18-0767-403E-BED9-43F26EDD4490}
		{A1A05200-921B-4C01-B562-0F74B8B48ACA} = {5FE21C18-0767-403E-BED9-43F26EDD4490}
		{36B5E644-CCFF-4CAC-8127-052B39C095C8} = {5FE21C18-0767-403E-BED9-43F26EDD4490}
	EndGlobalSection
	GlobalSection(ExtensibilityGlobals) = postSolution
		SolutionGuid = {CF4C95C4-7A75-4056-91F1-90776B60D7FD}
	EndGlobalSection
EndGlobal
